// !$*UTF8*$!
{
	archiveVersion = 1;
	classes = {
	};
	objectVersion = 46;
	objects = {

/* Begin PBXAggregateTarget section */
		E56A64BF1B52E686008E18AA /* Mogenerator */ = {
			isa = PBXAggregateTarget;
			buildConfigurationList = E56A64C01B52E686008E18AA /* Build configuration list for PBXAggregateTarget "Mogenerator" */;
			buildPhases = (
				E56A64C31B52E6B8008E18AA /* ShellScript */,
			);
			dependencies = (
			);
			name = Mogenerator;
			productName = Mogenerator;
		};
/* End PBXAggregateTarget section */

/* Begin PBXBuildFile section */
		E54D843B1B539FA900BBA2DF /* _HANFoodPyramCategory.m in Sources */ = {isa = PBXBuildFile; fileRef = E54D84381B539FA900BBA2DF /* _HANFoodPyramCategory.m */; };
		E54D843C1B539FA900BBA2DF /* HANFoodPyramCategory.m in Sources */ = {isa = PBXBuildFile; fileRef = E54D843A1B539FA900BBA2DF /* HANFoodPyramCategory.m */; };
		E54D84401B54492800BBA2DF /* HANInitDatabase.m in Sources */ = {isa = PBXBuildFile; fileRef = E54D843F1B54492800BBA2DF /* HANInitDatabase.m */; };
		E54D84451B544D6F00BBA2DF /* _HANFoodCategory.m in Sources */ = {isa = PBXBuildFile; fileRef = E54D84421B544D6F00BBA2DF /* _HANFoodCategory.m */; };
		E54D84461B544D6F00BBA2DF /* HANFoodCategory.m in Sources */ = {isa = PBXBuildFile; fileRef = E54D84441B544D6F00BBA2DF /* HANFoodCategory.m */; };
		E54F99CD1B55C0F5004B397D /* HANFoodViewController.m in Sources */ = {isa = PBXBuildFile; fileRef = E54F99CB1B55C0F5004B397D /* HANFoodViewController.m */; };
		E54F99CE1B55C0F5004B397D /* HANFoodViewController.xib in Resources */ = {isa = PBXBuildFile; fileRef = E54F99CC1B55C0F5004B397D /* HANFoodViewController.xib */; };
		E56A64BB1B52DDCD008E18AA /* ENRCoreDataTableViewController.m in Sources */ = {isa = PBXBuildFile; fileRef = E56A64BA1B52DDCD008E18AA /* ENRCoreDataTableViewController.m */; };
		E56A64BE1B52E127008E18AA /* Model.xcdatamodeld in Sources */ = {isa = PBXBuildFile; fileRef = E56A64BC1B52E127008E18AA /* Model.xcdatamodeld */; };
		E56A64D01B52E95F008E18AA /* _HANFood.m in Sources */ = {isa = PBXBuildFile; fileRef = E56A64C51B52E95F008E18AA /* _HANFood.m */; };
		E56A64D11B52E95F008E18AA /* _HANFoodAmount.m in Sources */ = {isa = PBXBuildFile; fileRef = E56A64C71B52E95F008E18AA /* _HANFoodAmount.m */; };
		E56A64D21B52E95F008E18AA /* _HANFoodType.m in Sources */ = {isa = PBXBuildFile; fileRef = E56A64C91B52E95F008E18AA /* _HANFoodType.m */; };
		E56A64D31B52E95F008E18AA /* HANFood.m in Sources */ = {isa = PBXBuildFile; fileRef = E56A64CB1B52E95F008E18AA /* HANFood.m */; };
		E56A64D41B52E95F008E18AA /* HANFoodAmount.m in Sources */ = {isa = PBXBuildFile; fileRef = E56A64CD1B52E95F008E18AA /* HANFoodAmount.m */; };
		E56A64D51B52E95F008E18AA /* HANFoodType.m in Sources */ = {isa = PBXBuildFile; fileRef = E56A64CF1B52E95F008E18AA /* HANFoodType.m */; };
		E56A64D81B52EB19008E18AA /* HANFoodTableViewController.m in Sources */ = {isa = PBXBuildFile; fileRef = E56A64D71B52EB19008E18AA /* HANFoodTableViewController.m */; };
		E5FA2FBD1B47DECB00787B3C /* main.m in Sources */ = {isa = PBXBuildFile; fileRef = E5FA2FBC1B47DECB00787B3C /* main.m */; };
		E5FA2FC01B47DECB00787B3C /* ATLAppDelegate.m in Sources */ = {isa = PBXBuildFile; fileRef = E5FA2FBF1B47DECB00787B3C /* ATLAppDelegate.m */; };
		E5FA2FCE1B47DECB00787B3C /* Assets.xcassets in Resources */ = {isa = PBXBuildFile; fileRef = E5FA2FCD1B47DECB00787B3C /* Assets.xcassets */; };
		E5FA2FD11B47DECB00787B3C /* LaunchScreen.storyboard in Resources */ = {isa = PBXBuildFile; fileRef = E5FA2FCF1B47DECB00787B3C /* LaunchScreen.storyboard */; };
		E5FA2FDC1B47DECB00787B3C /* hAngryTests.m in Sources */ = {isa = PBXBuildFile; fileRef = E5FA2FDB1B47DECB00787B3C /* hAngryTests.m */; };
		E5FA2FE71B47DECB00787B3C /* hAngryUITests.m in Sources */ = {isa = PBXBuildFile; fileRef = E5FA2FE61B47DECB00787B3C /* hAngryUITests.m */; };
		E5FA2FFA1B47E0A100787B3C /* Keys.plist in Resources */ = {isa = PBXBuildFile; fileRef = E5FA2FF61B47E0A100787B3C /* Keys.plist */; };
		E5FA30021B47E0F000787B3C /* ENRSimpleCoreDataStack.m in Sources */ = {isa = PBXBuildFile; fileRef = E5FA30011B47E0F000787B3C /* ENRSimpleCoreDataStack.m */; };
		E5FA30061B47E36D00787B3C /* ATLMainViewController.m in Sources */ = {isa = PBXBuildFile; fileRef = E5FA30041B47E36D00787B3C /* ATLMainViewController.m */; };
		E5FA30071B47E36D00787B3C /* ATLMainViewController.xib in Resources */ = {isa = PBXBuildFile; fileRef = E5FA30051B47E36D00787B3C /* ATLMainViewController.xib */; };
		E5FA300A1B47E94E00787B3C /* HANDefinitions.m in Sources */ = {isa = PBXBuildFile; fileRef = E5FA30091B47E94E00787B3C /* HANDefinitions.m */; };
		E5FA300E1B47E9FE00787B3C /* ENRBaseApi.m in Sources */ = {isa = PBXBuildFile; fileRef = E5FA300D1B47E9FE00787B3C /* ENRBaseApi.m */; };
		E5FA301D1B48385200787B3C /* hAngry-iso.png in Resources */ = {isa = PBXBuildFile; fileRef = E5FA301C1B48385200787B3C /* hAngry-iso.png */; };
/* End PBXBuildFile section */

/* Begin PBXContainerItemProxy section */
		E5FA2FD81B47DECB00787B3C /* PBXContainerItemProxy */ = {
			isa = PBXContainerItemProxy;
			containerPortal = E5FA2FB01B47DECB00787B3C /* Project object */;
			proxyType = 1;
			remoteGlobalIDString = E5FA2FB71B47DECB00787B3C;
			remoteInfo = hAngry;
		};
		E5FA2FE31B47DECB00787B3C /* PBXContainerItemProxy */ = {
			isa = PBXContainerItemProxy;
			containerPortal = E5FA2FB01B47DECB00787B3C /* Project object */;
			proxyType = 1;
			remoteGlobalIDString = E5FA2FB71B47DECB00787B3C;
			remoteInfo = hAngry;
		};
/* End PBXContainerItemProxy section */

/* Begin PBXFileReference section */
		E54D84371B539FA900BBA2DF /* _HANFoodPyramCategory.h */ = {isa = PBXFileReference; fileEncoding = 4; lastKnownFileType = sourcecode.c.h; name = _HANFoodPyramCategory.h; path = Models/_HANFoodPyramCategory.h; sourceTree = "<group>"; };
		E54D84381B539FA900BBA2DF /* _HANFoodPyramCategory.m */ = {isa = PBXFileReference; fileEncoding = 4; lastKnownFileType = sourcecode.c.objc; name = _HANFoodPyramCategory.m; path = Models/_HANFoodPyramCategory.m; sourceTree = "<group>"; };
		E54D84391B539FA900BBA2DF /* HANFoodPyramCategory.h */ = {isa = PBXFileReference; fileEncoding = 4; lastKnownFileType = sourcecode.c.h; name = HANFoodPyramCategory.h; path = Models/HANFoodPyramCategory.h; sourceTree = "<group>"; };
		E54D843A1B539FA900BBA2DF /* HANFoodPyramCategory.m */ = {isa = PBXFileReference; fileEncoding = 4; lastKnownFileType = sourcecode.c.objc; name = HANFoodPyramCategory.m; path = Models/HANFoodPyramCategory.m; sourceTree = "<group>"; };
		E54D843E1B54492800BBA2DF /* HANInitDatabase.h */ = {isa = PBXFileReference; fileEncoding = 4; lastKnownFileType = sourcecode.c.h; name = HANInitDatabase.h; path = Models/Init/HANInitDatabase.h; sourceTree = "<group>"; };
		E54D843F1B54492800BBA2DF /* HANInitDatabase.m */ = {isa = PBXFileReference; fileEncoding = 4; lastKnownFileType = sourcecode.c.objc; name = HANInitDatabase.m; path = Models/Init/HANInitDatabase.m; sourceTree = "<group>"; };
		E54D84411B544D6F00BBA2DF /* _HANFoodCategory.h */ = {isa = PBXFileReference; fileEncoding = 4; lastKnownFileType = sourcecode.c.h; name = _HANFoodCategory.h; path = Models/_HANFoodCategory.h; sourceTree = "<group>"; };
		E54D84421B544D6F00BBA2DF /* _HANFoodCategory.m */ = {isa = PBXFileReference; fileEncoding = 4; lastKnownFileType = sourcecode.c.objc; name = _HANFoodCategory.m; path = Models/_HANFoodCategory.m; sourceTree = "<group>"; };
		E54D84431B544D6F00BBA2DF /* HANFoodCategory.h */ = {isa = PBXFileReference; fileEncoding = 4; lastKnownFileType = sourcecode.c.h; name = HANFoodCategory.h; path = Models/HANFoodCategory.h; sourceTree = "<group>"; };
		E54D84441B544D6F00BBA2DF /* HANFoodCategory.m */ = {isa = PBXFileReference; fileEncoding = 4; lastKnownFileType = sourcecode.c.objc; name = HANFoodCategory.m; path = Models/HANFoodCategory.m; sourceTree = "<group>"; };
		E54F99CA1B55C0F5004B397D /* HANFoodViewController.h */ = {isa = PBXFileReference; fileEncoding = 4; lastKnownFileType = sourcecode.c.h; name = HANFoodViewController.h; path = Controllers/HANFoodViewController.h; sourceTree = "<group>"; };
		E54F99CB1B55C0F5004B397D /* HANFoodViewController.m */ = {isa = PBXFileReference; fileEncoding = 4; lastKnownFileType = sourcecode.c.objc; name = HANFoodViewController.m; path = Controllers/HANFoodViewController.m; sourceTree = "<group>"; };
		E54F99CC1B55C0F5004B397D /* HANFoodViewController.xib */ = {isa = PBXFileReference; fileEncoding = 4; lastKnownFileType = file.xib; name = HANFoodViewController.xib; path = Controllers/HANFoodViewController.xib; sourceTree = "<group>"; };
		E56A64B91B52DDCD008E18AA /* ENRCoreDataTableViewController.h */ = {isa = PBXFileReference; fileEncoding = 4; lastKnownFileType = sourcecode.c.h; name = ENRCoreDataTableViewController.h; path = Controllers/ENRCoreDataTableViewController.h; sourceTree = "<group>"; };
		E56A64BA1B52DDCD008E18AA /* ENRCoreDataTableViewController.m */ = {isa = PBXFileReference; fileEncoding = 4; lastKnownFileType = sourcecode.c.objc; name = ENRCoreDataTableViewController.m; path = Controllers/ENRCoreDataTableViewController.m; sourceTree = "<group>"; };
		E56A64BD1B52E127008E18AA /* Model.xcdatamodel */ = {isa = PBXFileReference; lastKnownFileType = wrapper.xcdatamodel; path = Model.xcdatamodel; sourceTree = "<group>"; };
		E56A64C41B52E95F008E18AA /* _HANFood.h */ = {isa = PBXFileReference; fileEncoding = 4; lastKnownFileType = sourcecode.c.h; name = _HANFood.h; path = Models/_HANFood.h; sourceTree = "<group>"; };
		E56A64C51B52E95F008E18AA /* _HANFood.m */ = {isa = PBXFileReference; fileEncoding = 4; lastKnownFileType = sourcecode.c.objc; name = _HANFood.m; path = Models/_HANFood.m; sourceTree = "<group>"; };
		E56A64C61B52E95F008E18AA /* _HANFoodAmount.h */ = {isa = PBXFileReference; fileEncoding = 4; lastKnownFileType = sourcecode.c.h; name = _HANFoodAmount.h; path = Models/_HANFoodAmount.h; sourceTree = "<group>"; };
		E56A64C71B52E95F008E18AA /* _HANFoodAmount.m */ = {isa = PBXFileReference; fileEncoding = 4; lastKnownFileType = sourcecode.c.objc; name = _HANFoodAmount.m; path = Models/_HANFoodAmount.m; sourceTree = "<group>"; };
		E56A64C81B52E95F008E18AA /* _HANFoodType.h */ = {isa = PBXFileReference; fileEncoding = 4; lastKnownFileType = sourcecode.c.h; name = _HANFoodType.h; path = Models/_HANFoodType.h; sourceTree = "<group>"; };
		E56A64C91B52E95F008E18AA /* _HANFoodType.m */ = {isa = PBXFileReference; fileEncoding = 4; lastKnownFileType = sourcecode.c.objc; name = _HANFoodType.m; path = Models/_HANFoodType.m; sourceTree = "<group>"; };
		E56A64CA1B52E95F008E18AA /* HANFood.h */ = {isa = PBXFileReference; fileEncoding = 4; lastKnownFileType = sourcecode.c.h; name = HANFood.h; path = Models/HANFood.h; sourceTree = "<group>"; };
		E56A64CB1B52E95F008E18AA /* HANFood.m */ = {isa = PBXFileReference; fileEncoding = 4; lastKnownFileType = sourcecode.c.objc; name = HANFood.m; path = Models/HANFood.m; sourceTree = "<group>"; };
		E56A64CC1B52E95F008E18AA /* HANFoodAmount.h */ = {isa = PBXFileReference; fileEncoding = 4; lastKnownFileType = sourcecode.c.h; name = HANFoodAmount.h; path = Models/HANFoodAmount.h; sourceTree = "<group>"; };
		E56A64CD1B52E95F008E18AA /* HANFoodAmount.m */ = {isa = PBXFileReference; fileEncoding = 4; lastKnownFileType = sourcecode.c.objc; name = HANFoodAmount.m; path = Models/HANFoodAmount.m; sourceTree = "<group>"; };
		E56A64CE1B52E95F008E18AA /* HANFoodType.h */ = {isa = PBXFileReference; fileEncoding = 4; lastKnownFileType = sourcecode.c.h; name = HANFoodType.h; path = Models/HANFoodType.h; sourceTree = "<group>"; };
		E56A64CF1B52E95F008E18AA /* HANFoodType.m */ = {isa = PBXFileReference; fileEncoding = 4; lastKnownFileType = sourcecode.c.objc; name = HANFoodType.m; path = Models/HANFoodType.m; sourceTree = "<group>"; };
		E56A64D61B52EB19008E18AA /* HANFoodTableViewController.h */ = {isa = PBXFileReference; fileEncoding = 4; lastKnownFileType = sourcecode.c.h; name = HANFoodTableViewController.h; path = Controllers/HANFoodTableViewController.h; sourceTree = "<group>"; };
		E56A64D71B52EB19008E18AA /* HANFoodTableViewController.m */ = {isa = PBXFileReference; fileEncoding = 4; lastKnownFileType = sourcecode.c.objc; name = HANFoodTableViewController.m; path = Controllers/HANFoodTableViewController.m; sourceTree = "<group>"; };
		E5FA2FB81B47DECB00787B3C /* hAngry.app */ = {isa = PBXFileReference; explicitFileType = wrapper.application; includeInIndex = 0; path = hAngry.app; sourceTree = BUILT_PRODUCTS_DIR; };
		E5FA2FBC1B47DECB00787B3C /* main.m */ = {isa = PBXFileReference; lastKnownFileType = sourcecode.c.objc; path = main.m; sourceTree = "<group>"; };
		E5FA2FBE1B47DECB00787B3C /* ATLAppDelegate.h */ = {isa = PBXFileReference; lastKnownFileType = sourcecode.c.h; path = ATLAppDelegate.h; sourceTree = "<group>"; };
		E5FA2FBF1B47DECB00787B3C /* ATLAppDelegate.m */ = {isa = PBXFileReference; lastKnownFileType = sourcecode.c.objc; path = ATLAppDelegate.m; sourceTree = "<group>"; };
		E5FA2FCD1B47DECB00787B3C /* Assets.xcassets */ = {isa = PBXFileReference; lastKnownFileType = folder.assetcatalog; path = Assets.xcassets; sourceTree = "<group>"; };
		E5FA2FD01B47DECB00787B3C /* Base */ = {isa = PBXFileReference; lastKnownFileType = file.storyboard; name = Base; path = Base.lproj/LaunchScreen.storyboard; sourceTree = "<group>"; };
		E5FA2FD21B47DECB00787B3C /* Info.plist */ = {isa = PBXFileReference; lastKnownFileType = text.plist.xml; path = Info.plist; sourceTree = "<group>"; };
		E5FA2FD71B47DECB00787B3C /* hAngryTests.xctest */ = {isa = PBXFileReference; explicitFileType = wrapper.cfbundle; includeInIndex = 0; path = hAngryTests.xctest; sourceTree = BUILT_PRODUCTS_DIR; };
		E5FA2FDB1B47DECB00787B3C /* hAngryTests.m */ = {isa = PBXFileReference; lastKnownFileType = sourcecode.c.objc; path = hAngryTests.m; sourceTree = "<group>"; };
		E5FA2FDD1B47DECB00787B3C /* Info.plist */ = {isa = PBXFileReference; lastKnownFileType = text.plist.xml; path = Info.plist; sourceTree = "<group>"; };
		E5FA2FE21B47DECB00787B3C /* hAngryUITests.xctest */ = {isa = PBXFileReference; explicitFileType = wrapper.cfbundle; includeInIndex = 0; path = hAngryUITests.xctest; sourceTree = BUILT_PRODUCTS_DIR; };
		E5FA2FE61B47DECB00787B3C /* hAngryUITests.m */ = {isa = PBXFileReference; lastKnownFileType = sourcecode.c.objc; path = hAngryUITests.m; sourceTree = "<group>"; };
		E5FA2FE81B47DECB00787B3C /* Info.plist */ = {isa = PBXFileReference; lastKnownFileType = text.plist.xml; path = Info.plist; sourceTree = "<group>"; };
		E5FA2FF51B47E0A100787B3C /* hAngry-PrefixHeader.pch */ = {isa = PBXFileReference; fileEncoding = 4; lastKnownFileType = sourcecode.c.h; path = "hAngry-PrefixHeader.pch"; sourceTree = "<group>"; };
		E5FA2FF61B47E0A100787B3C /* Keys.plist */ = {isa = PBXFileReference; fileEncoding = 4; lastKnownFileType = text.plist.xml; path = Keys.plist; sourceTree = "<group>"; };
		E5FA30001B47E0F000787B3C /* ENRSimpleCoreDataStack.h */ = {isa = PBXFileReference; fileEncoding = 4; lastKnownFileType = sourcecode.c.h; name = ENRSimpleCoreDataStack.h; path = Models/ENRSimpleCoreDataStack.h; sourceTree = "<group>"; };
		E5FA30011B47E0F000787B3C /* ENRSimpleCoreDataStack.m */ = {isa = PBXFileReference; fileEncoding = 4; lastKnownFileType = sourcecode.c.objc; name = ENRSimpleCoreDataStack.m; path = Models/ENRSimpleCoreDataStack.m; sourceTree = "<group>"; };
		E5FA30031B47E36D00787B3C /* ATLMainViewController.h */ = {isa = PBXFileReference; fileEncoding = 4; lastKnownFileType = sourcecode.c.h; name = ATLMainViewController.h; path = Controllers/ATLMainViewController.h; sourceTree = "<group>"; };
		E5FA30041B47E36D00787B3C /* ATLMainViewController.m */ = {isa = PBXFileReference; fileEncoding = 4; lastKnownFileType = sourcecode.c.objc; name = ATLMainViewController.m; path = Controllers/ATLMainViewController.m; sourceTree = "<group>"; };
		E5FA30051B47E36D00787B3C /* ATLMainViewController.xib */ = {isa = PBXFileReference; fileEncoding = 4; lastKnownFileType = file.xib; name = ATLMainViewController.xib; path = Controllers/ATLMainViewController.xib; sourceTree = "<group>"; };
		E5FA30081B47E94E00787B3C /* HANDefinitions.h */ = {isa = PBXFileReference; fileEncoding = 4; lastKnownFileType = sourcecode.c.h; path = HANDefinitions.h; sourceTree = "<group>"; };
		E5FA30091B47E94E00787B3C /* HANDefinitions.m */ = {isa = PBXFileReference; fileEncoding = 4; lastKnownFileType = sourcecode.c.objc; path = HANDefinitions.m; sourceTree = "<group>"; };
		E5FA300C1B47E9FE00787B3C /* ENRBaseApi.h */ = {isa = PBXFileReference; fileEncoding = 4; lastKnownFileType = sourcecode.c.h; name = ENRBaseApi.h; path = API/ENRBaseApi.h; sourceTree = "<group>"; };
		E5FA300D1B47E9FE00787B3C /* ENRBaseApi.m */ = {isa = PBXFileReference; fileEncoding = 4; lastKnownFileType = sourcecode.c.objc; name = ENRBaseApi.m; path = API/ENRBaseApi.m; sourceTree = "<group>"; };
		E5FA301C1B48385200787B3C /* hAngry-iso.png */ = {isa = PBXFileReference; lastKnownFileType = image.png; name = "hAngry-iso.png"; path = "Resources/Images/hAngry-iso.png"; sourceTree = "<group>"; };
/* End PBXFileReference section */

/* Begin PBXFrameworksBuildPhase section */
		E5FA2FB51B47DECB00787B3C /* Frameworks */ = {
			isa = PBXFrameworksBuildPhase;
			buildActionMask = 2147483647;
			files = (
			);
			runOnlyForDeploymentPostprocessing = 0;
		};
		E5FA2FD41B47DECB00787B3C /* Frameworks */ = {
			isa = PBXFrameworksBuildPhase;
			buildActionMask = 2147483647;
			files = (
			);
			runOnlyForDeploymentPostprocessing = 0;
		};
		E5FA2FDF1B47DECB00787B3C /* Frameworks */ = {
			isa = PBXFrameworksBuildPhase;
			buildActionMask = 2147483647;
			files = (
			);
			runOnlyForDeploymentPostprocessing = 0;
		};
/* End PBXFrameworksBuildPhase section */

/* Begin PBXGroup section */
		E54D843D1B5448FA00BBA2DF /* Init */ = {
			isa = PBXGroup;
			children = (
				E54D843E1B54492800BBA2DF /* HANInitDatabase.h */,
				E54D843F1B54492800BBA2DF /* HANInitDatabase.m */,
			);
			name = Init;
			sourceTree = "<group>";
		};
		E5FA2FAF1B47DECB00787B3C = {
			isa = PBXGroup;
			children = (
				E5FA2FBA1B47DECB00787B3C /* hAngry */,
				E5FA2FDA1B47DECB00787B3C /* hAngryTests */,
				E5FA2FE51B47DECB00787B3C /* hAngryUITests */,
				E5FA2FB91B47DECB00787B3C /* Products */,
				E5FA30191B47FE3700787B3C /* Frameworks */,
			);
			sourceTree = "<group>";
		};
		E5FA2FB91B47DECB00787B3C /* Products */ = {
			isa = PBXGroup;
			children = (
				E5FA2FB81B47DECB00787B3C /* hAngry.app */,
				E5FA2FD71B47DECB00787B3C /* hAngryTests.xctest */,
				E5FA2FE21B47DECB00787B3C /* hAngryUITests.xctest */,
			);
			name = Products;
			sourceTree = "<group>";
		};
		E5FA2FBA1B47DECB00787B3C /* hAngry */ = {
			isa = PBXGroup;
			children = (
				E5FA301A1B48382100787B3C /* Resources */,
				E5FA300B1B47E9E100787B3C /* API */,
				E5FA30081B47E94E00787B3C /* HANDefinitions.h */,
				E5FA30091B47E94E00787B3C /* HANDefinitions.m */,
				E5FA2FFF1B47E0E400787B3C /* Utils */,
				E5FA2FFE1B47E0DE00787B3C /* Controllers */,
				E5FA2FFD1B47E0D800787B3C /* Models */,
				E5FA2FF51B47E0A100787B3C /* hAngry-PrefixHeader.pch */,
				E5FA2FF61B47E0A100787B3C /* Keys.plist */,
				E5FA2FBE1B47DECB00787B3C /* ATLAppDelegate.h */,
				E5FA2FBF1B47DECB00787B3C /* ATLAppDelegate.m */,
				E5FA2FCD1B47DECB00787B3C /* Assets.xcassets */,
				E5FA2FCF1B47DECB00787B3C /* LaunchScreen.storyboard */,
				E5FA2FD21B47DECB00787B3C /* Info.plist */,
				E5FA2FBB1B47DECB00787B3C /* Supporting Files */,
			);
			path = hAngry;
			sourceTree = "<group>";
		};
		E5FA2FBB1B47DECB00787B3C /* Supporting Files */ = {
			isa = PBXGroup;
			children = (
				E5FA2FBC1B47DECB00787B3C /* main.m */,
			);
			name = "Supporting Files";
			sourceTree = "<group>";
		};
		E5FA2FDA1B47DECB00787B3C /* hAngryTests */ = {
			isa = PBXGroup;
			children = (
				E5FA2FDB1B47DECB00787B3C /* hAngryTests.m */,
				E5FA2FDD1B47DECB00787B3C /* Info.plist */,
			);
			path = hAngryTests;
			sourceTree = "<group>";
		};
		E5FA2FE51B47DECB00787B3C /* hAngryUITests */ = {
			isa = PBXGroup;
			children = (
				E5FA2FE61B47DECB00787B3C /* hAngryUITests.m */,
				E5FA2FE81B47DECB00787B3C /* Info.plist */,
			);
			path = hAngryUITests;
			sourceTree = "<group>";
		};
		E5FA2FFD1B47E0D800787B3C /* Models */ = {
			isa = PBXGroup;
			children = (
				E54D84411B544D6F00BBA2DF /* _HANFoodCategory.h */,
				E54D84421B544D6F00BBA2DF /* _HANFoodCategory.m */,
				E54D84431B544D6F00BBA2DF /* HANFoodCategory.h */,
				E54D84441B544D6F00BBA2DF /* HANFoodCategory.m */,
				E54D843D1B5448FA00BBA2DF /* Init */,
				E54D84371B539FA900BBA2DF /* _HANFoodPyramCategory.h */,
				E54D84381B539FA900BBA2DF /* _HANFoodPyramCategory.m */,
				E54D84391B539FA900BBA2DF /* HANFoodPyramCategory.h */,
				E54D843A1B539FA900BBA2DF /* HANFoodPyramCategory.m */,
				E56A64C41B52E95F008E18AA /* _HANFood.h */,
				E56A64C51B52E95F008E18AA /* _HANFood.m */,
				E56A64C61B52E95F008E18AA /* _HANFoodAmount.h */,
				E56A64C71B52E95F008E18AA /* _HANFoodAmount.m */,
				E56A64C81B52E95F008E18AA /* _HANFoodType.h */,
				E56A64C91B52E95F008E18AA /* _HANFoodType.m */,
				E56A64CA1B52E95F008E18AA /* HANFood.h */,
				E56A64CB1B52E95F008E18AA /* HANFood.m */,
				E56A64CC1B52E95F008E18AA /* HANFoodAmount.h */,
				E56A64CD1B52E95F008E18AA /* HANFoodAmount.m */,
				E56A64CE1B52E95F008E18AA /* HANFoodType.h */,
				E56A64CF1B52E95F008E18AA /* HANFoodType.m */,
				E5FA30001B47E0F000787B3C /* ENRSimpleCoreDataStack.h */,
				E5FA30011B47E0F000787B3C /* ENRSimpleCoreDataStack.m */,
				E56A64BC1B52E127008E18AA /* Model.xcdatamodeld */,
			);
			name = Models;
			sourceTree = "<group>";
		};
		E5FA2FFE1B47E0DE00787B3C /* Controllers */ = {
			isa = PBXGroup;
			children = (
				E56A64B91B52DDCD008E18AA /* ENRCoreDataTableViewController.h */,
				E56A64BA1B52DDCD008E18AA /* ENRCoreDataTableViewController.m */,
				E5FA30031B47E36D00787B3C /* ATLMainViewController.h */,
				E5FA30041B47E36D00787B3C /* ATLMainViewController.m */,
				E5FA30051B47E36D00787B3C /* ATLMainViewController.xib */,
				E56A64D61B52EB19008E18AA /* HANFoodTableViewController.h */,
				E56A64D71B52EB19008E18AA /* HANFoodTableViewController.m */,
				E54F99CA1B55C0F5004B397D /* HANFoodViewController.h */,
				E54F99CB1B55C0F5004B397D /* HANFoodViewController.m */,
				E54F99CC1B55C0F5004B397D /* HANFoodViewController.xib */,
			);
			name = Controllers;
			sourceTree = "<group>";
		};
		E5FA2FFF1B47E0E400787B3C /* Utils */ = {
			isa = PBXGroup;
			children = (
			);
			name = Utils;
			sourceTree = "<group>";
		};
		E5FA300B1B47E9E100787B3C /* API */ = {
			isa = PBXGroup;
			children = (
				E5FA300C1B47E9FE00787B3C /* ENRBaseApi.h */,
				E5FA300D1B47E9FE00787B3C /* ENRBaseApi.m */,
			);
			name = API;
			sourceTree = "<group>";
		};
		E5FA30191B47FE3700787B3C /* Frameworks */ = {
			isa = PBXGroup;
			children = (
			);
			name = Frameworks;
			sourceTree = "<group>";
		};
		E5FA301A1B48382100787B3C /* Resources */ = {
			isa = PBXGroup;
			children = (
				E5FA301B1B48382D00787B3C /* Images */,
			);
			name = Resources;
			sourceTree = "<group>";
		};
		E5FA301B1B48382D00787B3C /* Images */ = {
			isa = PBXGroup;
			children = (
				E5FA301C1B48385200787B3C /* hAngry-iso.png */,
			);
			name = Images;
			sourceTree = "<group>";
		};
/* End PBXGroup section */

/* Begin PBXNativeTarget section */
		E5FA2FB71B47DECB00787B3C /* hAngry */ = {
			isa = PBXNativeTarget;
			buildConfigurationList = E5FA2FEB1B47DECB00787B3C /* Build configuration list for PBXNativeTarget "hAngry" */;
			buildPhases = (
				E5FA2FB41B47DECB00787B3C /* Sources */,
				E5FA2FB51B47DECB00787B3C /* Frameworks */,
				E5FA2FB61B47DECB00787B3C /* Resources */,
			);
			buildRules = (
			);
			dependencies = (
			);
			name = hAngry;
			productName = hAngry;
			productReference = E5FA2FB81B47DECB00787B3C /* hAngry.app */;
			productType = "com.apple.product-type.application";
		};
		E5FA2FD61B47DECB00787B3C /* hAngryTests */ = {
			isa = PBXNativeTarget;
			buildConfigurationList = E5FA2FEE1B47DECB00787B3C /* Build configuration list for PBXNativeTarget "hAngryTests" */;
			buildPhases = (
				E5FA2FD31B47DECB00787B3C /* Sources */,
				E5FA2FD41B47DECB00787B3C /* Frameworks */,
				E5FA2FD51B47DECB00787B3C /* Resources */,
			);
			buildRules = (
			);
			dependencies = (
				E5FA2FD91B47DECB00787B3C /* PBXTargetDependency */,
			);
			name = hAngryTests;
			productName = hAngryTests;
			productReference = E5FA2FD71B47DECB00787B3C /* hAngryTests.xctest */;
			productType = "com.apple.product-type.bundle.unit-test";
		};
		E5FA2FE11B47DECB00787B3C /* hAngryUITests */ = {
			isa = PBXNativeTarget;
			buildConfigurationList = E5FA2FF11B47DECB00787B3C /* Build configuration list for PBXNativeTarget "hAngryUITests" */;
			buildPhases = (
				E5FA2FDE1B47DECB00787B3C /* Sources */,
				E5FA2FDF1B47DECB00787B3C /* Frameworks */,
				E5FA2FE01B47DECB00787B3C /* Resources */,
			);
			buildRules = (
			);
			dependencies = (
				E5FA2FE41B47DECB00787B3C /* PBXTargetDependency */,
			);
			name = hAngryUITests;
			productName = hAngryUITests;
			productReference = E5FA2FE21B47DECB00787B3C /* hAngryUITests.xctest */;
			productType = "com.apple.product-type.bundle.ui-testing";
		};
/* End PBXNativeTarget section */

/* Begin PBXProject section */
		E5FA2FB01B47DECB00787B3C /* Project object */ = {
			isa = PBXProject;
			attributes = {
				CLASSPREFIX = HAN;
				LastUpgradeCheck = 0700;
				ORGANIZATIONNAME = "Atlanpix SLU";
				TargetAttributes = {
					E56A64BF1B52E686008E18AA = {
						CreatedOnToolsVersion = 7.0;
					};
					E5FA2FB71B47DECB00787B3C = {
						CreatedOnToolsVersion = 7.0;
						DevelopmentTeam = 6WYT3SQB6G;
					};
					E5FA2FD61B47DECB00787B3C = {
						CreatedOnToolsVersion = 7.0;
						TestTargetID = E5FA2FB71B47DECB00787B3C;
					};
					E5FA2FE11B47DECB00787B3C = {
						CreatedOnToolsVersion = 7.0;
						TestTargetID = E5FA2FB71B47DECB00787B3C;
					};
				};
			};
			buildConfigurationList = E5FA2FB31B47DECB00787B3C /* Build configuration list for PBXProject "hAngry" */;
			compatibilityVersion = "Xcode 3.2";
			developmentRegion = English;
			hasScannedForEncodings = 0;
			knownRegions = (
				en,
				Base,
			);
			mainGroup = E5FA2FAF1B47DECB00787B3C;
			productRefGroup = E5FA2FB91B47DECB00787B3C /* Products */;
			projectDirPath = "";
			projectRoot = "";
			targets = (
				E5FA2FB71B47DECB00787B3C /* hAngry */,
				E5FA2FD61B47DECB00787B3C /* hAngryTests */,
				E5FA2FE11B47DECB00787B3C /* hAngryUITests */,
				E56A64BF1B52E686008E18AA /* Mogenerator */,
			);
		};
/* End PBXProject section */

/* Begin PBXResourcesBuildPhase section */
		E5FA2FB61B47DECB00787B3C /* Resources */ = {
			isa = PBXResourcesBuildPhase;
			buildActionMask = 2147483647;
			files = (
				E5FA2FFA1B47E0A100787B3C /* Keys.plist in Resources */,
				E5FA301D1B48385200787B3C /* hAngry-iso.png in Resources */,
				E54F99CE1B55C0F5004B397D /* HANFoodViewController.xib in Resources */,
				E5FA2FD11B47DECB00787B3C /* LaunchScreen.storyboard in Resources */,
				E5FA2FCE1B47DECB00787B3C /* Assets.xcassets in Resources */,
				E5FA30071B47E36D00787B3C /* ATLMainViewController.xib in Resources */,
			);
			runOnlyForDeploymentPostprocessing = 0;
		};
		E5FA2FD51B47DECB00787B3C /* Resources */ = {
			isa = PBXResourcesBuildPhase;
			buildActionMask = 2147483647;
			files = (
			);
			runOnlyForDeploymentPostprocessing = 0;
		};
		E5FA2FE01B47DECB00787B3C /* Resources */ = {
			isa = PBXResourcesBuildPhase;
			buildActionMask = 2147483647;
			files = (
			);
			runOnlyForDeploymentPostprocessing = 0;
		};
/* End PBXResourcesBuildPhase section */

/* Begin PBXShellScriptBuildPhase section */
		E56A64C31B52E6B8008E18AA /* ShellScript */ = {
			isa = PBXShellScriptBuildPhase;
			buildActionMask = 2147483647;
			files = (
			);
			inputPaths = (
			);
			outputPaths = (
			);
			runOnlyForDeploymentPostprocessing = 0;
			shellPath = /bin/sh;
			shellScript = "/usr/local/bin/mogenerator -m \"${PROJECT_DIR}/hAngry/Models/Model.xcdatamodeld\" -O \"${PROJECT_DIR}/hAngry/Models\" --template-var arc=true";
		};
/* End PBXShellScriptBuildPhase section */

/* Begin PBXSourcesBuildPhase section */
		E5FA2FB41B47DECB00787B3C /* Sources */ = {
			isa = PBXSourcesBuildPhase;
			buildActionMask = 2147483647;
			files = (
				E56A64D21B52E95F008E18AA /* _HANFoodType.m in Sources */,
				E54D84461B544D6F00BBA2DF /* HANFoodCategory.m in Sources */,
				E56A64D41B52E95F008E18AA /* HANFoodAmount.m in Sources */,
				E54D84451B544D6F00BBA2DF /* _HANFoodCategory.m in Sources */,
				E5FA2FC01B47DECB00787B3C /* ATLAppDelegate.m in Sources */,
				E56A64D01B52E95F008E18AA /* _HANFood.m in Sources */,
				E56A64BB1B52DDCD008E18AA /* ENRCoreDataTableViewController.m in Sources */,
				E54D843C1B539FA900BBA2DF /* HANFoodPyramCategory.m in Sources */,
				E56A64D11B52E95F008E18AA /* _HANFoodAmount.m in Sources */,
				E54F99CD1B55C0F5004B397D /* HANFoodViewController.m in Sources */,
				E5FA300E1B47E9FE00787B3C /* ENRBaseApi.m in Sources */,
				E54D843B1B539FA900BBA2DF /* _HANFoodPyramCategory.m in Sources */,
				E56A64D81B52EB19008E18AA /* HANFoodTableViewController.m in Sources */,
				E56A64BE1B52E127008E18AA /* Model.xcdatamodeld in Sources */,
				E56A64D31B52E95F008E18AA /* HANFood.m in Sources */,
				E54D84401B54492800BBA2DF /* HANInitDatabase.m in Sources */,
				E56A64D51B52E95F008E18AA /* HANFoodType.m in Sources */,
				E5FA30021B47E0F000787B3C /* ENRSimpleCoreDataStack.m in Sources */,
				E5FA300A1B47E94E00787B3C /* HANDefinitions.m in Sources */,
				E5FA2FBD1B47DECB00787B3C /* main.m in Sources */,
				E5FA30061B47E36D00787B3C /* ATLMainViewController.m in Sources */,
			);
			runOnlyForDeploymentPostprocessing = 0;
		};
		E5FA2FD31B47DECB00787B3C /* Sources */ = {
			isa = PBXSourcesBuildPhase;
			buildActionMask = 2147483647;
			files = (
				E5FA2FDC1B47DECB00787B3C /* hAngryTests.m in Sources */,
			);
			runOnlyForDeploymentPostprocessing = 0;
		};
		E5FA2FDE1B47DECB00787B3C /* Sources */ = {
			isa = PBXSourcesBuildPhase;
			buildActionMask = 2147483647;
			files = (
				E5FA2FE71B47DECB00787B3C /* hAngryUITests.m in Sources */,
			);
			runOnlyForDeploymentPostprocessing = 0;
		};
/* End PBXSourcesBuildPhase section */

/* Begin PBXTargetDependency section */
		E5FA2FD91B47DECB00787B3C /* PBXTargetDependency */ = {
			isa = PBXTargetDependency;
			target = E5FA2FB71B47DECB00787B3C /* hAngry */;
			targetProxy = E5FA2FD81B47DECB00787B3C /* PBXContainerItemProxy */;
		};
		E5FA2FE41B47DECB00787B3C /* PBXTargetDependency */ = {
			isa = PBXTargetDependency;
			target = E5FA2FB71B47DECB00787B3C /* hAngry */;
			targetProxy = E5FA2FE31B47DECB00787B3C /* PBXContainerItemProxy */;
		};
/* End PBXTargetDependency section */

/* Begin PBXVariantGroup section */
		E5FA2FCF1B47DECB00787B3C /* LaunchScreen.storyboard */ = {
			isa = PBXVariantGroup;
			children = (
				E5FA2FD01B47DECB00787B3C /* Base */,
			);
			name = LaunchScreen.storyboard;
			sourceTree = "<group>";
		};
/* End PBXVariantGroup section */

/* Begin XCBuildConfiguration section */
		E56A64C11B52E686008E18AA /* Debug */ = {
			isa = XCBuildConfiguration;
			buildSettings = {
				PRODUCT_NAME = "$(TARGET_NAME)";
			};
			name = Debug;
		};
		E56A64C21B52E686008E18AA /* Release */ = {
			isa = XCBuildConfiguration;
			buildSettings = {
				PRODUCT_NAME = "$(TARGET_NAME)";
			};
			name = Release;
		};
		E5FA2FE91B47DECB00787B3C /* Debug */ = {
			isa = XCBuildConfiguration;
			buildSettings = {
				ALWAYS_SEARCH_USER_PATHS = NO;
				CLANG_CXX_LANGUAGE_STANDARD = "gnu++0x";
				CLANG_CXX_LIBRARY = "libc++";
				CLANG_ENABLE_MODULES = YES;
				CLANG_ENABLE_OBJC_ARC = YES;
				CLANG_WARN_BOOL_CONVERSION = YES;
				CLANG_WARN_CONSTANT_CONVERSION = YES;
				CLANG_WARN_DIRECT_OBJC_ISA_USAGE = YES_ERROR;
				CLANG_WARN_EMPTY_BODY = YES;
				CLANG_WARN_ENUM_CONVERSION = YES;
				CLANG_WARN_INT_CONVERSION = YES;
				CLANG_WARN_OBJC_ROOT_CLASS = YES_ERROR;
				CLANG_WARN_UNREACHABLE_CODE = YES;
				CLANG_WARN__DUPLICATE_METHOD_MATCH = YES;
				"CODE_SIGN_IDENTITY[sdk=iphoneos*]" = "iPhone Developer";
				COPY_PHASE_STRIP = NO;
				DEBUG_INFORMATION_FORMAT = dwarf;
				ENABLE_STRICT_OBJC_MSGSEND = YES;
				ENABLE_TESTABILITY = YES;
				GCC_C_LANGUAGE_STANDARD = gnu99;
				GCC_DYNAMIC_NO_PIC = NO;
				GCC_NO_COMMON_BLOCKS = YES;
				GCC_OPTIMIZATION_LEVEL = 0;
				GCC_PREPROCESSOR_DEFINITIONS = (
					"DEBUG=1",
					"$(inherited)",
				);
				GCC_WARN_64_TO_32_BIT_CONVERSION = YES;
				GCC_WARN_ABOUT_RETURN_TYPE = YES_ERROR;
				GCC_WARN_UNDECLARED_SELECTOR = YES;
				GCC_WARN_UNINITIALIZED_AUTOS = YES_AGGRESSIVE;
				GCC_WARN_UNUSED_FUNCTION = YES;
				GCC_WARN_UNUSED_VARIABLE = YES;
				IPHONEOS_DEPLOYMENT_TARGET = 9.0;
				MTL_ENABLE_DEBUG_INFO = YES;
				ONLY_ACTIVE_ARCH = YES;
				OTHER_LDFLAGS = "-ObjC";
				SDKROOT = iphoneos;
			};
			name = Debug;
		};
		E5FA2FEA1B47DECB00787B3C /* Release */ = {
			isa = XCBuildConfiguration;
			buildSettings = {
				ALWAYS_SEARCH_USER_PATHS = NO;
				CLANG_CXX_LANGUAGE_STANDARD = "gnu++0x";
				CLANG_CXX_LIBRARY = "libc++";
				CLANG_ENABLE_MODULES = YES;
				CLANG_ENABLE_OBJC_ARC = YES;
				CLANG_WARN_BOOL_CONVERSION = YES;
				CLANG_WARN_CONSTANT_CONVERSION = YES;
				CLANG_WARN_DIRECT_OBJC_ISA_USAGE = YES_ERROR;
				CLANG_WARN_EMPTY_BODY = YES;
				CLANG_WARN_ENUM_CONVERSION = YES;
				CLANG_WARN_INT_CONVERSION = YES;
				CLANG_WARN_OBJC_ROOT_CLASS = YES_ERROR;
				CLANG_WARN_UNREACHABLE_CODE = YES;
				CLANG_WARN__DUPLICATE_METHOD_MATCH = YES;
				"CODE_SIGN_IDENTITY[sdk=iphoneos*]" = "iPhone Developer";
				COPY_PHASE_STRIP = NO;
				DEBUG_INFORMATION_FORMAT = "dwarf-with-dsym";
				ENABLE_NS_ASSERTIONS = NO;
				ENABLE_STRICT_OBJC_MSGSEND = YES;
				GCC_C_LANGUAGE_STANDARD = gnu99;
				GCC_NO_COMMON_BLOCKS = YES;
				GCC_WARN_64_TO_32_BIT_CONVERSION = YES;
				GCC_WARN_ABOUT_RETURN_TYPE = YES_ERROR;
				GCC_WARN_UNDECLARED_SELECTOR = YES;
				GCC_WARN_UNINITIALIZED_AUTOS = YES_AGGRESSIVE;
				GCC_WARN_UNUSED_FUNCTION = YES;
				GCC_WARN_UNUSED_VARIABLE = YES;
				IPHONEOS_DEPLOYMENT_TARGET = 9.0;
				MTL_ENABLE_DEBUG_INFO = NO;
				OTHER_LDFLAGS = "-ObjC";
				SDKROOT = iphoneos;
				VALIDATE_PRODUCT = YES;
			};
			name = Release;
		};
		E5FA2FEC1B47DECB00787B3C /* Debug */ = {
			isa = XCBuildConfiguration;
			buildSettings = {
				ASSETCATALOG_COMPILER_APPICON_NAME = AppIcon;
				CODE_SIGN_IDENTITY = "iPhone Developer";
				GCC_PREFIX_HEADER = "hAngry/hAngry-PrefixHeader.pch";
				INFOPLIST_FILE = hAngry/Info.plist;
				LD_RUNPATH_SEARCH_PATHS = "$(inherited) @executable_path/Frameworks";
				PRODUCT_BUNDLE_IDENTIFIER = net.atlanpix.hAngry;
				PRODUCT_NAME = "$(TARGET_NAME)";
			};
			name = Debug;
		};
		E5FA2FED1B47DECB00787B3C /* Release */ = {
			isa = XCBuildConfiguration;
			buildSettings = {
				ASSETCATALOG_COMPILER_APPICON_NAME = AppIcon;
				CODE_SIGN_IDENTITY = "iPhone Developer";
				GCC_PREFIX_HEADER = "hAngry/hAngry-PrefixHeader.pch";
				INFOPLIST_FILE = hAngry/Info.plist;
				LD_RUNPATH_SEARCH_PATHS = "$(inherited) @executable_path/Frameworks";
				PRODUCT_BUNDLE_IDENTIFIER = net.atlanpix.hAngry;
				PRODUCT_NAME = "$(TARGET_NAME)";
			};
			name = Release;
		};
		E5FA2FEF1B47DECB00787B3C /* Debug */ = {
			isa = XCBuildConfiguration;
			buildSettings = {
				BUNDLE_LOADER = "$(TEST_HOST)";
				INFOPLIST_FILE = hAngryTests/Info.plist;
				LD_RUNPATH_SEARCH_PATHS = "$(inherited) @executable_path/Frameworks @loader_path/Frameworks";
				PRODUCT_BUNDLE_IDENTIFIER = net.atlanpix.hAngryTests;
				PRODUCT_NAME = "$(TARGET_NAME)";
				TEST_HOST = "$(BUILT_PRODUCTS_DIR)/hAngry.app/hAngry";
			};
			name = Debug;
		};
		E5FA2FF01B47DECB00787B3C /* Release */ = {
			isa = XCBuildConfiguration;
			buildSettings = {
				BUNDLE_LOADER = "$(TEST_HOST)";
				INFOPLIST_FILE = hAngryTests/Info.plist;
				LD_RUNPATH_SEARCH_PATHS = "$(inherited) @executable_path/Frameworks @loader_path/Frameworks";
				PRODUCT_BUNDLE_IDENTIFIER = net.atlanpix.hAngryTests;
				PRODUCT_NAME = "$(TARGET_NAME)";
				TEST_HOST = "$(BUILT_PRODUCTS_DIR)/hAngry.app/hAngry";
			};
			name = Release;
		};
		E5FA2FF21B47DECB00787B3C /* Debug */ = {
			isa = XCBuildConfiguration;
			buildSettings = {
				INFOPLIST_FILE = hAngryUITests/Info.plist;
				LD_RUNPATH_SEARCH_PATHS = "$(inherited) @executable_path/Frameworks @loader_path/Frameworks";
				PRODUCT_BUNDLE_IDENTIFIER = net.atlanpix.hAngryUITests;
				PRODUCT_NAME = "$(TARGET_NAME)";
				TEST_TARGET_NAME = hAngry;
				USES_XCTRUNNER = YES;
			};
			name = Debug;
		};
		E5FA2FF31B47DECB00787B3C /* Release */ = {
			isa = XCBuildConfiguration;
			buildSettings = {
				INFOPLIST_FILE = hAngryUITests/Info.plist;
				LD_RUNPATH_SEARCH_PATHS = "$(inherited) @executable_path/Frameworks @loader_path/Frameworks";
				PRODUCT_BUNDLE_IDENTIFIER = net.atlanpix.hAngryUITests;
				PRODUCT_NAME = "$(TARGET_NAME)";
				TEST_TARGET_NAME = hAngry;
				USES_XCTRUNNER = YES;
			};
			name = Release;
		};
/* End XCBuildConfiguration section */

/* Begin XCConfigurationList section */
		E56A64C01B52E686008E18AA /* Build configuration list for PBXAggregateTarget "Mogenerator" */ = {
			isa = XCConfigurationList;
			buildConfigurations = (
				E56A64C11B52E686008E18AA /* Debug */,
				E56A64C21B52E686008E18AA /* Release */,
			);
			defaultConfigurationIsVisible = 0;
			defaultConfigurationName = Release;
		};
		E5FA2FB31B47DECB00787B3C /* Build configuration list for PBXProject "hAngry" */ = {
			isa = XCConfigurationList;
			buildConfigurations = (
				E5FA2FE91B47DECB00787B3C /* Debug */,
				E5FA2FEA1B47DECB00787B3C /* Release */,
			);
			defaultConfigurationIsVisible = 0;
			defaultConfigurationName = Release;
		};
		E5FA2FEB1B47DECB00787B3C /* Build configuration list for PBXNativeTarget "hAngry" */ = {
			isa = XCConfigurationList;
			buildConfigurations = (
				E5FA2FEC1B47DECB00787B3C /* Debug */,
				E5FA2FED1B47DECB00787B3C /* Release */,
			);
			defaultConfigurationIsVisible = 0;
			defaultConfigurationName = Release;
		};
		E5FA2FEE1B47DECB00787B3C /* Build configuration list for PBXNativeTarget "hAngryTests" */ = {
			isa = XCConfigurationList;
			buildConfigurations = (
				E5FA2FEF1B47DECB00787B3C /* Debug */,
				E5FA2FF01B47DECB00787B3C /* Release */,
			);
			defaultConfigurationIsVisible = 0;
			defaultConfigurationName = Release;
		};
		E5FA2FF11B47DECB00787B3C /* Build configuration list for PBXNativeTarget "hAngryUITests" */ = {
			isa = XCConfigurationList;
			buildConfigurations = (
				E5FA2FF21B47DECB00787B3C /* Debug */,
				E5FA2FF31B47DECB00787B3C /* Release */,
			);
			defaultConfigurationIsVisible = 0;
			defaultConfigurationName = Release;
		};
/* End XCConfigurationList section */

/* Begin XCVersionGroup section */
		E56A64BC1B52E127008E18AA /* Model.xcdatamodeld */ = {
			isa = XCVersionGroup;
			children = (
				E56A64BD1B52E127008E18AA /* Model.xcdatamodel */,
			);
			currentVersion = E56A64BD1B52E127008E18AA /* Model.xcdatamodel */;
			name = Model.xcdatamodeld;
			path = Models/Model.xcdatamodeld;
			sourceTree = "<group>";
			versionGroupType = wrapper.xcdatamodel;
		};
/* End XCVersionGroup section */
	};
	rootObject = E5FA2FB01B47DECB00787B3C /* Project object */;
}
